// !$*UTF8*$!
{
	archiveVersion = 1;
	classes = {
	};
	objectVersion = 77;
	objects = {

/* Begin PBXContainerItemProxy section */
		49856F302F12CB6E00BED9E8 /* PBXContainerItemProxy */ = {
			isa = PBXContainerItemProxy;
			containerPortal = 49856F1A2F12CB6E00BED9E8 /* Project object */;
			proxyType = 1;
			remoteGlobalIDString = 49856F212F12CB6E00BED9E8;
			remoteInfo = RecScribe;
		};
		49856F3A2F12CB6E00BED9E8 /* PBXContainerItemProxy */ = {
			isa = PBXContainerItemProxy;
			containerPortal = 49856F1A2F12CB6E00BED9E8 /* Project object */;
			proxyType = 1;
			remoteGlobalIDString = 49856F212F12CB6E00BED9E8;
			remoteInfo = RecScribe;
		};
/* End PBXContainerItemProxy section */

/* Begin PBXFileReference section */
		49856F222F12CB6E00BED9E8 /* RecScribe.app */ = {isa = PBXFileReference; explicitFileType = wrapper.application; includeInIndex = 0; path = RecScribe.app; sourceTree = BUILT_PRODUCTS_DIR; };
		49856F2F2F12CB6E00BED9E8 /* RecScribeTests.xctest */ = {isa = PBXFileReference; explicitFileType = wrapper.cfbundle; includeInIndex = 0; path = RecScribeTests.xctest; sourceTree = BUILT_PRODUCTS_DIR; };
		49856F392F12CB6E00BED9E8 /* RecScribeUITests.xctest */ = {isa = PBXFileReference; explicitFileType = wrapper.cfbundle; includeInIndex = 0; path = RecScribeUITests.xctest; sourceTree = BUILT_PRODUCTS_DIR; };
/* End PBXFileReference section */

/* Begin PBXFileSystemSynchronizedRootGroup section */
		49856F242F12CB6E00BED9E8 /* RecScribe */ = {
			isa = PBXFileSystemSynchronizedRootGroup;
			path = RecScribe;
			sourceTree = "<group>";
		};
		49856F322F12CB6E00BED9E8 /* RecScribeTests */ = {
			isa = PBXFileSystemSynchronizedRootGroup;
			path = RecScribeTests;
			sourceTree = "<group>";
		};
		49856F3C2F12CB6E00BED9E8 /* RecScribeUITests */ = {
			isa = PBXFileSystemSynchronizedRootGroup;
			path = RecScribeUITests;
			sourceTree = "<group>";
		};
/* End PBXFileSystemSynchronizedRootGroup section */

/* Begin PBXFrameworksBuildPhase section */
		49856F1F2F12CB6E00BED9E8 /* Frameworks */ = {
			isa = PBXFrameworksBuildPhase;
			buildActionMask = 2147483647;
			files = (
			);
			runOnlyForDeploymentPostprocessing = 0;
		};
		49856F2C2F12CB6E00BED9E8 /* Frameworks */ = {
			isa = PBXFrameworksBuildPhase;
			buildActionMask = 2147483647;
			files = (
			);
			runOnlyForDeploymentPostprocessing = 0;
		};
		49856F362F12CB6E00BED9E8 /* Frameworks */ = {
			isa = PBXFrameworksBuildPhase;
			buildActionMask = 2147483647;
			files = (
			);
			runOnlyForDeploymentPostprocessing = 0;
		};
/* End PBXFrameworksBuildPhase section */

/* Begin PBXGroup section */
		49856F192F12CB6E00BED9E8 = {
			isa = PBXGroup;
			children = (
				49856F242F12CB6E00BED9E8 /* RecScribe */,
				49856F322F12CB6E00BED9E8 /* RecScribeTests */,
				49856F3C2F12CB6E00BED9E8 /* RecScribeUITests */,
				49856F232F12CB6E00BED9E8 /* Products */,
			);
			sourceTree = "<group>";
		};
		49856F232F12CB6E00BED9E8 /* Products */ = {
			isa = PBXGroup;
			children = (
				49856F222F12CB6E00BED9E8 /* RecScribe.app */,
				49856F2F2F12CB6E00BED9E8 /* RecScribeTests.xctest */,
				49856F392F12CB6E00BED9E8 /* RecScribeUITests.xctest */,
			);
			name = Products;
			sourceTree = "<group>";
		};
/* End PBXGroup section */

/* Begin PBXNativeTarget section */
		49856F212F12CB6E00BED9E8 /* RecScribe */ = {
			isa = PBXNativeTarget;
			buildConfigurationList = 49856F432F12CB6E00BED9E8 /* Build configuration list for PBXNativeTarget "RecScribe" */;
			buildPhases = (
				49856F1E2F12CB6E00BED9E8 /* Sources */,
				49856F1F2F12CB6E00BED9E8 /* Frameworks */,
				49856F202F12CB6E00BED9E8 /* Resources */,
			);
			buildRules = (
			);
			dependencies = (
			);
			fileSystemSynchronizedGroups = (
				49856F242F12CB6E00BED9E8 /* RecScribe */,
			);
			name = RecScribe;
			packageProductDependencies = (
			);
			productName = RecScribe;
			productReference = 49856F222F12CB6E00BED9E8 /* RecScribe.app */;
			productType = "com.apple.product-type.application";
		};
		49856F2E2F12CB6E00BED9E8 /* RecScribeTests */ = {
			isa = PBXNativeTarget;
			buildConfigurationList = 49856F462F12CB6E00BED9E8 /* Build configuration list for PBXNativeTarget "RecScribeTests" */;
			buildPhases = (
				49856F2B2F12CB6E00BED9E8 /* Sources */,
				49856F2C2F12CB6E00BED9E8 /* Frameworks */,
				49856F2D2F12CB6E00BED9E8 /* Resources */,
			);
			buildRules = (
			);
			dependencies = (
				49856F312F12CB6E00BED9E8 /* PBXTargetDependency */,
			);
			fileSystemSynchronizedGroups = (
				49856F322F12CB6E00BED9E8 /* RecScribeTests */,
			);
			name = RecScribeTests;
			packageProductDependencies = (
			);
			productName = RecScribeTests;
			productReference = 49856F2F2F12CB6E00BED9E8 /* RecScribeTests.xctest */;
			productType = "com.apple.product-type.bundle.unit-test";
		};
		49856F382F12CB6E00BED9E8 /* RecScribeUITests */ = {
			isa = PBXNativeTarget;
			buildConfigurationList = 49856F492F12CB6E00BED9E8 /* Build configuration list for PBXNativeTarget "RecScribeUITests" */;
			buildPhases = (
				49856F352F12CB6E00BED9E8 /* Sources */,
				49856F362F12CB6E00BED9E8 /* Frameworks */,
				49856F372F12CB6E00BED9E8 /* Resources */,
			);
			buildRules = (
			);
			dependencies = (
				49856F3B2F12CB6E00BED9E8 /* PBXTargetDependency */,
			);
			fileSystemSynchronizedGroups = (
				49856F3C2F12CB6E00BED9E8 /* RecScribeUITests */,
			);
			name = RecScribeUITests;
			packageProductDependencies = (
			);
			productName = RecScribeUITests;
			productReference = 49856F392F12CB6E00BED9E8 /* RecScribeUITests.xctest */;
			productType = "com.apple.product-type.bundle.ui-testing";
		};
/* End PBXNativeTarget section */

/* Begin PBXProject section */
		49856F1A2F12CB6E00BED9E8 /* Project object */ = {
			isa = PBXProject;
			attributes = {
				BuildIndependentTargetsInParallel = 1;
				LastSwiftUpdateCheck = 2620;
				LastUpgradeCheck = 2620;
				TargetAttributes = {
					49856F212F12CB6E00BED9E8 = {
						CreatedOnToolsVersion = 26.2;
					};
					49856F2E2F12CB6E00BED9E8 = {
						CreatedOnToolsVersion = 26.2;
						TestTargetID = 49856F212F12CB6E00BED9E8;
					};
					49856F382F12CB6E00BED9E8 = {
						CreatedOnToolsVersion = 26.2;
						TestTargetID = 49856F212F12CB6E00BED9E8;
					};
				};
			};
			buildConfigurationList = 49856F1D2F12CB6E00BED9E8 /* Build configuration list for PBXProject "RecScribe" */;
			developmentRegion = en;
			hasScannedForEncodings = 0;
			knownRegions = (
				en,
				Base,
			);
			mainGroup = 49856F192F12CB6E00BED9E8;
			minimizedProjectReferenceProxies = 1;
			preferredProjectObjectVersion = 77;
			productRefGroup = 49856F232F12CB6E00BED9E8 /* Products */;
			projectDirPath = "";
			packageReferences = (
			);
			projectRoot = "";
			targets = (
				49856F212F12CB6E00BED9E8 /* RecScribe */,
				49856F2E2F12CB6E00BED9E8 /* RecScribeTests */,
				49856F382F12CB6E00BED9E8 /* RecScribeUITests */,
			);
		};
/* End PBXProject section */

/* Begin PBXResourcesBuildPhase section */
		49856F202F12CB6E00BED9E8 /* Resources */ = {
			isa = PBXResourcesBuildPhase;
			buildActionMask = 2147483647;
			files = (
			);
			runOnlyForDeploymentPostprocessing = 0;
		};
		49856F2D2F12CB6E00BED9E8 /* Resources */ = {
			isa = PBXResourcesBuildPhase;
			buildActionMask = 2147483647;
			files = (
			);
			runOnlyForDeploymentPostprocessing = 0;
		};
		49856F372F12CB6E00BED9E8 /* Resources */ = {
			isa = PBXResourcesBuildPhase;
			buildActionMask = 2147483647;
			files = (
			);
			runOnlyForDeploymentPostprocessing = 0;
		};
/* End PBXResourcesBuildPhase section */

/* Begin PBXSourcesBuildPhase section */
		49856F1E2F12CB6E00BED9E8 /* Sources */ = {
			isa = PBXSourcesBuildPhase;
			buildActionMask = 2147483647;
			files = (
			);
			runOnlyForDeploymentPostprocessing = 0;
		};
		49856F2B2F12CB6E00BED9E8 /* Sources */ = {
			isa = PBXSourcesBuildPhase;
			buildActionMask = 2147483647;
			files = (
			);
			runOnlyForDeploymentPostprocessing = 0;
		};
		49856F352F12CB6E00BED9E8 /* Sources */ = {
			isa = PBXSourcesBuildPhase;
			buildActionMask = 2147483647;
			files = (
			);
			runOnlyForDeploymentPostprocessing = 0;
		};
/* End PBXSourcesBuildPhase section */

/* Begin PBXTargetDependency section */
		49856F312F12CB6E00BED9E8 /* PBXTargetDependency */ = {
			isa = PBXTargetDependency;
			target = 49856F212F12CB6E00BED9E8 /* RecScribe */;
			targetProxy = 49856F302F12CB6E00BED9E8 /* PBXContainerItemProxy */;
		};
		49856F3B2F12CB6E00BED9E8 /* PBXTargetDependency */ = {
			isa = PBXTargetDependency;
			target = 49856F212F12CB6E00BED9E8 /* RecScribe */;
			targetProxy = 49856F3A2F12CB6E00BED9E8 /* PBXContainerItemProxy */;
		};
/* End PBXTargetDependency section */

/* Begin XCBuildConfiguration section */
		49856F412F12CB6E00BED9E8 /* Debug */ = {
			isa = XCBuildConfiguration;
			buildSettings = {
				ALWAYS_SEARCH_USER_PATHS = NO;
				ASSETCATALOG_COMPILER_GENERATE_SWIFT_ASSET_SYMBOL_EXTENSIONS = YES;
				CLANG_ANALYZER_NONNULL = YES;
				CLANG_ANALYZER_NUMBER_OBJECT_CONVERSION = YES_AGGRESSIVE;
				CLANG_CXX_LANGUAGE_STANDARD = "gnu++20";
				CLANG_ENABLE_MODULES = YES;
				CLANG_ENABLE_OBJC_ARC = YES;
				CLANG_ENABLE_OBJC_WEAK = YES;
				CLANG_WARN_BLOCK_CAPTURE_AUTORELEASING = YES;
				CLANG_WARN_BOOL_CONVERSION = YES;
				CLANG_WARN_COMMA = YES;
				CLANG_WARN_CONSTANT_CONVERSION = YES;
				CLANG_WARN_DEPRECATED_OBJC_IMPLEMENTATIONS = YES;
				CLANG_WARN_DIRECT_OBJC_ISA_USAGE = YES_ERROR;
				CLANG_WARN_DOCUMENTATION_COMMENTS = YES;
				CLANG_WARN_EMPTY_BODY = YES;
				CLANG_WARN_ENUM_CONVERSION = YES;
				CLANG_WARN_INFINITE_RECURSION = YES;
				CLANG_WARN_INT_CONVERSION = YES;
				CLANG_WARN_NON_LITERAL_NULL_CONVERSION = YES;
				CLANG_WARN_OBJC_IMPLICIT_RETAIN_SELF = YES;
				CLANG_WARN_OBJC_LITERAL_CONVERSION = YES;
				CLANG_WARN_OBJC_ROOT_CLASS = YES_ERROR;
				CLANG_WARN_QUOTED_INCLUDE_IN_FRAMEWORK_HEADER = YES;
				CLANG_WARN_RANGE_LOOP_ANALYSIS = YES;
				CLANG_WARN_STRICT_PROTOTYPES = YES;
				CLANG_WARN_SUSPICIOUS_MOVE = YES;
				CLANG_WARN_UNGUARDED_AVAILABILITY = YES_AGGRESSIVE;
				CLANG_WARN_UNREACHABLE_CODE = YES;
				CLANG_WARN__DUPLICATE_METHOD_MATCH = YES;
				COPY_PHASE_STRIP = NO;
				DEAD_CODE_STRIPPING = YES;
				DEBUG_INFORMATION_FORMAT = dwarf;
				DEVELOPMENT_TEAM = CDS4KLP8GT;
				ENABLE_STRICT_OBJC_MSGSEND = YES;
				ENABLE_TESTABILITY = YES;
				ENABLE_USER_SCRIPT_SANDBOXING = YES;
				GCC_C_LANGUAGE_STANDARD = gnu17;
				GCC_DYNAMIC_NO_PIC = NO;
				GCC_NO_COMMON_BLOCKS = YES;
				GCC_OPTIMIZATION_LEVEL = 0;
				GCC_PREPROCESSOR_DEFINITIONS = (
					"DEBUG=1",
					"$(inherited)",
				);
				GCC_WARN_64_TO_32_BIT_CONVERSION = YES;
				GCC_WARN_ABOUT_RETURN_TYPE = YES_ERROR;
				GCC_WARN_UNDECLARED_SELECTOR = YES;
				GCC_WARN_UNINITIALIZED_AUTOS = YES_AGGRESSIVE;
				GCC_WARN_UNUSED_FUNCTION = YES;
				GCC_WARN_UNUSED_VARIABLE = YES;
				LOCALIZATION_PREFERS_STRING_CATALOGS = YES;
				MTL_ENABLE_DEBUG_INFO = INCLUDE_SOURCE;
				MTL_FAST_MATH = YES;
				ONLY_ACTIVE_ARCH = YES;
				SWIFT_ACTIVE_COMPILATION_CONDITIONS = "DEBUG $(inherited)";
				SWIFT_OPTIMIZATION_LEVEL = "-Onone";
			};
			name = Debug;
		};
		49856F422F12CB6E00BED9E8 /* Release */ = {
			isa = XCBuildConfiguration;
			buildSettings = {
				ALWAYS_SEARCH_USER_PATHS = NO;
				ASSETCATALOG_COMPILER_GENERATE_SWIFT_ASSET_SYMBOL_EXTENSIONS = YES;
				CLANG_ANALYZER_NONNULL = YES;
				CLANG_ANALYZER_NUMBER_OBJECT_CONVERSION = YES_AGGRESSIVE;
				CLANG_CXX_LANGUAGE_STANDARD = "gnu++20";
				CLANG_ENABLE_MODULES = YES;
				CLANG_ENABLE_OBJC_ARC = YES;
				CLANG_ENABLE_OBJC_WEAK = YES;
				CLANG_WARN_BLOCK_CAPTURE_AUTORELEASING = YES;
				CLANG_WARN_BOOL_CONVERSION = YES;
				CLANG_WARN_COMMA = YES;
				CLANG_WARN_CONSTANT_CONVERSION = YES;
				CLANG_WARN_DEPRECATED_OBJC_IMPLEMENTATIONS = YES;
				CLANG_WARN_DIRECT_OBJC_ISA_USAGE = YES_ERROR;
				CLANG_WARN_DOCUMENTATION_COMMENTS = YES;
				CLANG_WARN_EMPTY_BODY = YES;
				CLANG_WARN_ENUM_CONVERSION = YES;
				CLANG_WARN_INFINITE_RECURSION = YES;
				CLANG_WARN_INT_CONVERSION = YES;
				CLANG_WARN_NON_LITERAL_NULL_CONVERSION = YES;
				CLANG_WARN_OBJC_IMPLICIT_RETAIN_SELF = YES;
				CLANG_WARN_OBJC_LITERAL_CONVERSION = YES;
				CLANG_WARN_OBJC_ROOT_CLASS = YES_ERROR;
				CLANG_WARN_QUOTED_INCLUDE_IN_FRAMEWORK_HEADER = YES;
				CLANG_WARN_RANGE_LOOP_ANALYSIS = YES;
				CLANG_WARN_STRICT_PROTOTYPES = YES;
				CLANG_WARN_SUSPICIOUS_MOVE = YES;
				CLANG_WARN_UNGUARDED_AVAILABILITY = YES_AGGRESSIVE;
				CLANG_WARN_UNREACHABLE_CODE = YES;
				CLANG_WARN__DUPLICATE_METHOD_MATCH = YES;
				COPY_PHASE_STRIP = NO;
				DEAD_CODE_STRIPPING = YES;
				DEBUG_INFORMATION_FORMAT = "dwarf-with-dsym";
				DEVELOPMENT_TEAM = CDS4KLP8GT;
				ENABLE_NS_ASSERTIONS = NO;
				ENABLE_STRICT_OBJC_MSGSEND = YES;
				ENABLE_USER_SCRIPT_SANDBOXING = YES;
				GCC_C_LANGUAGE_STANDARD = gnu17;
				GCC_NO_COMMON_BLOCKS = YES;
				GCC_WARN_64_TO_32_BIT_CONVERSION = YES;
				GCC_WARN_ABOUT_RETURN_TYPE = YES_ERROR;
				GCC_WARN_UNDECLARED_SELECTOR = YES;
				GCC_WARN_UNINITIALIZED_AUTOS = YES_AGGRESSIVE;
				GCC_WARN_UNUSED_FUNCTION = YES;
				GCC_WARN_UNUSED_VARIABLE = YES;
				LOCALIZATION_PREFERS_STRING_CATALOGS = YES;
				MTL_ENABLE_DEBUG_INFO = NO;
				MTL_FAST_MATH = YES;
				SWIFT_COMPILATION_MODE = wholemodule;
			};
			name = Release;
		};
		49856F442F12CB6E00BED9E8 /* Debug */ = {
			isa = XCBuildConfiguration;
			buildSettings = {
				ASSETCATALOG_COMPILER_APPICON_NAME = AppIcon;
				ASSETCATALOG_COMPILER_GLOBAL_ACCENT_COLOR_NAME = AccentColor;
				CODE_SIGN_ENTITLEMENTS = RecScribe.entitlements;
				"CODE_SIGN_IDENTITY[sdk=macosx*]" = "Apple Development";
				CODE_SIGN_STYLE = Automatic;
				CURRENT_PROJECT_VERSION = 100;
				ENABLE_APP_SANDBOX = NO;
				ENABLE_HARDENED_RUNTIME = YES;
				ENABLE_PREVIEWS = YES;
				GENERATE_INFOPLIST_FILE = YES;
				LD_RUNPATH_SEARCH_PATHS = "@executable_path/Frameworks";
				"LD_RUNPATH_SEARCH_PATHS[sdk=macosx*]" = "@executable_path/../Frameworks";
				MACOSX_DEPLOYMENT_TARGET = 15.0;
				MARKETING_VERSION = 0.1.0;
				PRODUCT_BUNDLE_IDENTIFIER = com.moreaki.recscribe;
				INFOPLIST_KEY_CFBundleDisplayName = "RecScribe";
				INFOPLIST_KEY_NSMicrophoneUsageDescription = "RecScribe needs access to your microphone to record from it. Audio is saved only to your Mac.";
				PRODUCT_NAME = "$(TARGET_NAME)";
				REGISTER_APP_GROUPS = YES;
				SDKROOT = macosx;
				STRING_CATALOG_GENERATE_SYMBOLS = YES;
				SUPPORTED_PLATFORMS = macosx;
				SWIFT_APPROACHABLE_CONCURRENCY = YES;
				SWIFT_DEFAULT_ACTOR_ISOLATION = MainActor;
				SWIFT_EMIT_LOC_STRINGS = YES;
				SWIFT_STRICT_CONCURRENCY = complete;
				SWIFT_VERSION = 6.0;
			};
			name = Debug;
		};
		49856F452F12CB6E00BED9E8 /* Release */ = {
			isa = XCBuildConfiguration;
			buildSettings = {
				ASSETCATALOG_COMPILER_APPICON_NAME = AppIcon;
				ASSETCATALOG_COMPILER_GLOBAL_ACCENT_COLOR_NAME = AccentColor;
				CODE_SIGN_ENTITLEMENTS = RecScribe.entitlements;
				"CODE_SIGN_IDENTITY[sdk=macosx*]" = "Apple Development";
				CODE_SIGN_STYLE = Automatic;
				CURRENT_PROJECT_VERSION = 100;
				ENABLE_APP_SANDBOX = NO;
				ENABLE_HARDENED_RUNTIME = YES;
				ENABLE_PREVIEWS = YES;
				GENERATE_INFOPLIST_FILE = YES;
				LD_RUNPATH_SEARCH_PATHS = "@executable_path/Frameworks";
				"LD_RUNPATH_SEARCH_PATHS[sdk=macosx*]" = "@executable_path/../Frameworks";
				MACOSX_DEPLOYMENT_TARGET = 15.0;
				MARKETING_VERSION = 0.1.0;
				PRODUCT_BUNDLE_IDENTIFIER = com.moreaki.recscribe;
				INFOPLIST_KEY_CFBundleDisplayName = "RecScribe";
				INFOPLIST_KEY_NSMicrophoneUsageDescription = "RecScribe needs access to your microphone to record from it. Audio is saved only to your Mac.";
				PRODUCT_NAME = "$(TARGET_NAME)";
				REGISTER_APP_GROUPS = YES;
				SDKROOT = macosx;
				STRING_CATALOG_GENERATE_SYMBOLS = YES;
				SUPPORTED_PLATFORMS = macosx;
				SWIFT_APPROACHABLE_CONCURRENCY = YES;
				SWIFT_DEFAULT_ACTOR_ISOLATION = MainActor;
				SWIFT_EMIT_LOC_STRINGS = YES;
				SWIFT_STRICT_CONCURRENCY = complete;
				SWIFT_VERSION = 6.0;
			};
			name = Release;
		};
		49856F472F12CB6E00BED9E8 /* Debug */ = {
			isa = XCBuildConfiguration;
			buildSettings = {
				BUNDLE_LOADER = "$(TEST_HOST)";
				CODE_SIGN_STYLE = Automatic;
				CURRENT_PROJECT_VERSION = 100;
				GENERATE_INFOPLIST_FILE = YES;
				MACOSX_DEPLOYMENT_TARGET = 15.0;
				MARKETING_VERSION = 0.1.0;
				PRODUCT_BUNDLE_IDENTIFIER = com.moreaki.recscribe.tests;
				PRODUCT_NAME = "$(TARGET_NAME)";
				SDKROOT = macosx;
				STRING_CATALOG_GENERATE_SYMBOLS = NO;
				SUPPORTED_PLATFORMS = macosx;
				SWIFT_APPROACHABLE_CONCURRENCY = YES;
				SWIFT_EMIT_LOC_STRINGS = NO;
				SWIFT_STRICT_CONCURRENCY = complete;
				SWIFT_VERSION = 6.0;
				TEST_HOST = "$(BUILT_PRODUCTS_DIR)/RecScribe.app/$(BUNDLE_EXECUTABLE_FOLDER_PATH)/RecScribe";
			};
			name = Debug;
		};
		49856F482F12CB6E00BED9E8 /* Release */ = {
			isa = XCBuildConfiguration;
			buildSettings = {
				BUNDLE_LOADER = "$(TEST_HOST)";
				CODE_SIGN_STYLE = Automatic;
				CURRENT_PROJECT_VERSION = 100;
				GENERATE_INFOPLIST_FILE = YES;
				MACOSX_DEPLOYMENT_TARGET = 15.0;
				MARKETING_VERSION = 0.1.0;
				PRODUCT_BUNDLE_IDENTIFIER = com.moreaki.recscribe.tests;
				PRODUCT_NAME = "$(TARGET_NAME)";
				SDKROOT = macosx;
				STRING_CATALOG_GENERATE_SYMBOLS = NO;
				SUPPORTED_PLATFORMS = macosx;
				SWIFT_APPROACHABLE_CONCURRENCY = YES;
				SWIFT_EMIT_LOC_STRINGS = NO;
				SWIFT_STRICT_CONCURRENCY = complete;
				SWIFT_VERSION = 6.0;
				TEST_HOST = "$(BUILT_PRODUCTS_DIR)/RecScribe.app/$(BUNDLE_EXECUTABLE_FOLDER_PATH)/RecScribe";
			};
			name = Release;
		};
		49856F4A2F12CB6E00BED9E8 /* Debug */ = {
			isa = XCBuildConfiguration;
			buildSettings = {
				"CODE_SIGN_IDENTITY[sdk=macosx*]" = "Apple Development";
				CODE_SIGN_STYLE = Automatic;
				CURRENT_PROJECT_VERSION = 100;
				GENERATE_INFOPLIST_FILE = YES;
				MACOSX_DEPLOYMENT_TARGET = 15.0;
				MARKETING_VERSION = 0.1.0;
				PRODUCT_BUNDLE_IDENTIFIER = com.moreaki.recscribe.uitests;
				PRODUCT_NAME = "$(TARGET_NAME)";
				SDKROOT = macosx;
				STRING_CATALOG_GENERATE_SYMBOLS = NO;
				SUPPORTED_PLATFORMS = macosx;
				SWIFT_APPROACHABLE_CONCURRENCY = YES;
				SWIFT_EMIT_LOC_STRINGS = NO;
				SWIFT_STRICT_CONCURRENCY = complete;
				SWIFT_VERSION = 6.0;
				TEST_TARGET_NAME = RecScribe;
			};
			name = Debug;
		};
		49856F4B2F12CB6E00BED9E8 /* Release */ = {
			isa = XCBuildConfiguration;
			buildSettings = {
				"CODE_SIGN_IDENTITY[sdk=macosx*]" = "Apple Development";
				CODE_SIGN_STYLE = Automatic;
				CURRENT_PROJECT_VERSION = 100;
				GENERATE_INFOPLIST_FILE = YES;
				MACOSX_DEPLOYMENT_TARGET = 15.0;
				MARKETING_VERSION = 0.1.0;
				PRODUCT_BUNDLE_IDENTIFIER = com.moreaki.recscribe.uitests;
				PRODUCT_NAME = "$(TARGET_NAME)";
				SDKROOT = macosx;
				STRING_CATALOG_GENERATE_SYMBOLS = NO;
				SUPPORTED_PLATFORMS = macosx;
				SWIFT_APPROACHABLE_CONCURRENCY = YES;
				SWIFT_EMIT_LOC_STRINGS = NO;
				SWIFT_STRICT_CONCURRENCY = complete;
				SWIFT_VERSION = 6.0;
				TEST_TARGET_NAME = RecScribe;
			};
			name = Release;
		};
/* End XCBuildConfiguration section */

/* Begin XCConfigurationList section */
		49856F1D2F12CB6E00BED9E8 /* Build configuration list for PBXProject "RecScribe" */ = {
			isa = XCConfigurationList;
			buildConfigurations = (
				49856F412F12CB6E00BED9E8 /* Debug */,
				49856F422F12CB6E00BED9E8 /* Release */,
			);
			defaultConfigurationIsVisible = 0;
			defaultConfigurationName = Release;
		};
		49856F432F12CB6E00BED9E8 /* Build configuration list for PBXNativeTarget "RecScribe" */ = {
			isa = XCConfigurationList;
			buildConfigurations = (
				49856F442F12CB6E00BED9E8 /* Debug */,
				49856F452F12CB6E00BED9E8 /* Release */,
			);
			defaultConfigurationIsVisible = 0;
			defaultConfigurationName = Release;
		};
		49856F462F12CB6E00BED9E8 /* Build configuration list for PBXNativeTarget "RecScribeTests" */ = {
			isa = XCConfigurationList;
			buildConfigurations = (
				49856F472F12CB6E00BED9E8 /* Debug */,
				49856F482F12CB6E00BED9E8 /* Release */,
			);
			defaultConfigurationIsVisible = 0;
			defaultConfigurationName = Release;
		};
		49856F492F12CB6E00BED9E8 /* Build configuration list for PBXNativeTarget "RecScribeUITests" */ = {
			isa = XCConfigurationList;
			buildConfigurations = (
				49856F4A2F12CB6E00BED9E8 /* Debug */,
				49856F4B2F12CB6E00BED9E8 /* Release */,
			);
			defaultConfigurationIsVisible = 0;
			defaultConfigurationName = Release;
		};
/* End XCConfigurationList section */

	};
	rootObject = 49856F1A2F12CB6E00BED9E8 /* Project object */;
}
